
Microsoft Visual Studio Solution File, Format Version 12.00
# Visual Studio 15
VisualStudioVersion = 15.0.26403.7
MinimumVisualStudioVersion = 10.0.40219.1
Project("{FAE04EC0-301F-11D3-BF4B-00C04F79EFBC}") = "SiGCT", "SiGCT\SiGCT.csproj", "{5604F031-C517-4B55-ADD2-B9288FE89DC4}"
EndProject
Project("{FAE04EC0-301F-11D3-BF4B-00C04F79EFBC}") = "SiGCT.Models", "SiGCT.Models\SiGCT.Models.csproj", "{ED92555C-AF61-4D6D-8D58-95F3F6088B76}"
EndProject
Project("{FAE04EC0-301F-11D3-BF4B-00C04F79EFBC}") = "SiGCT.Data.NH", "SiGCT.Data.NH\SiGCT.Data.NH.csproj", "{DE3E0F8B-A547-4136-B22B-82D1B1326593}"
EndProject
Project("{FAE04EC0-301F-11D3-BF4B-00C04F79EFBC}") = "SiGCT.Utils", "SiGCT.Utils\SiGCT.Utils.csproj", "{B9303B60-0484-4C1C-B78A-EF21D9DA9384}"
EndProject
Global
	GlobalSection(SolutionConfigurationPlatforms) = preSolution
		Debug|Any CPU = Debug|Any CPU
		Release|Any CPU = Release|Any CPU
	EndGlobalSection
	GlobalSection(ProjectConfigurationPlatforms) = postSolution
		{5604F031-C517-4B55-ADD2-B9288FE89DC4}.Debug|Any CPU.ActiveCfg = Debug|Any CPU
		{5604F031-C517-4B55-ADD2-B9288FE89DC4}.Debug|Any CPU.Build.0 = Debug|Any CPU
		{5604F031-C517-4B55-ADD2-B9288FE89DC4}.Release|Any CPU.ActiveCfg = Release|Any CPU
		{5604F031-C517-4B55-ADD2-B9288FE89DC4}.Release|Any CPU.Build.0 = Release|Any CPU
		{ED92555C-AF61-4D6D-8D58-95F3F6088B76}.Debug|Any CPU.ActiveCfg = Debug|Any CPU
		{ED92555C-AF61-4D6D-8D58-95F3F6088B76}.Debug|Any CPU.Build.0 = Debug|Any CPU
		{ED92555C-AF61-4D6D-8D58-95F3F6088B76}.Release|Any CPU.ActiveCfg = Release|Any CPU
		{ED92555C-AF61-4D6D-8D58-95F3F6088B76}.Release|Any CPU.Build.0 = Release|Any CPU
		{DE3E0F8B-A547-4136-B22B-82D1B1326593}.Debug|Any CPU.ActiveCfg = Debug|Any CPU
		{DE3E0F8B-A547-4136-B22B-82D1B1326593}.Debug|Any CPU.Build.0 = Debug|Any CPU
		{DE3E0F8B-A547-4136-B22B-82D1B1326593}.Release|Any CPU.ActiveCfg = Release|Any CPU
		{DE3E0F8B-A547-4136-B22B-82D1B1326593}.Release|Any CPU.Build.0 = Release|Any CPU
		{B9303B60-0484-4C1C-B78A-EF21D9DA9384}.Debug|Any CPU.ActiveCfg = Debug|Any CPU
		{B9303B60-0484-4C1C-B78A-EF21D9DA9384}.Debug|Any CPU.Build.0 = Debug|Any CPU
		{B9303B60-0484-4C1C-B78A-EF21D9DA9384}.Release|Any CPU.ActiveCfg = Release|Any CPU
		{B9303B60-0484-4C1C-B78A-EF21D9DA9384}.Release|Any CPU.Build.0 = Release|Any CPU
	EndGlobalSection
	GlobalSection(SolutionProperties) = preSolution
		HideSolutionNode = FALSE
	EndGlobalSection
EndGlobal
